
Microsoft Visual Studio Solution File, Format Version 12.00
# Visual Studio 2012
Project("{FAE04EC0-301F-11D3-BF4B-00C04F79EFBC}") = "CMSProject", "CMSProject\CMSProject.csproj", "{491CA29B-7356-4C1F-AA4A-63629863CF02}"
EndProject
Project("{FAE04EC0-301F-11D3-BF4B-00C04F79EFBC}") = "UserService", "UserService\UserService.csproj", "{E2E7E4AF-E639-4444-8977-CF86F1C9089E}"
EndProject
Global
	GlobalSection(SolutionConfigurationPlatforms) = preSolution
		Debug|Any CPU = Debug|Any CPU
		Release|Any CPU = Release|Any CPU
	EndGlobalSection
	GlobalSection(ProjectConfigurationPlatforms) = postSolution
		{491CA29B-7356-4C1F-AA4A-63629863CF02}.Debug|Any CPU.ActiveCfg = Debug|Any CPU
		{491CA29B-7356-4C1F-AA4A-63629863CF02}.Debug|Any CPU.Build.0 = Debug|Any CPU
		{491CA29B-7356-4C1F-AA4A-63629863CF02}.Release|Any CPU.ActiveCfg = Release|Any CPU
		{491CA29B-7356-4C1F-AA4A-63629863CF02}.Release|Any CPU.Build.0 = Release|Any CPU
		{E2E7E4AF-E639-4444-8977-CF86F1C9089E}.Debug|Any CPU.ActiveCfg = Debug|Any CPU
		{E2E7E4AF-E639-4444-8977-CF86F1C9089E}.Debug|Any CPU.Build.0 = Debug|Any CPU
		{E2E7E4AF-E639-4444-8977-CF86F1C9089E}.Release|Any CPU.ActiveCfg = Release|Any CPU
		{E2E7E4AF-E639-4444-8977-CF86F1C9089E}.Release|Any CPU.Build.0 = Release|Any CPU
	EndGlobalSection
	GlobalSection(SolutionProperties) = preSolution
		HideSolutionNode = FALSE
	EndGlobalSection
EndGlobal
